
Microsoft Visual Studio Solution File, Format Version 12.00
# Visual Studio 2013
VisualStudioVersion = 12.0.40629.0
MinimumVisualStudioVersion = 10.0.40219.1
Project("{FAE04EC0-301F-11D3-BF4B-00C04F79EFBC}") = "Contabanca1.0", "Contabanca1.0\Contabanca1.0.csproj", "{4E688B94-F422-44D4-902B-ACB355627580}"
EndProject
Project("{FAE04EC0-301F-11D3-BF4B-00C04F79EFBC}") = "Clases", "Clases\Clases.csproj", "{6A24ADBD-EA66-4EF7-9CCE-D3C7D6FE01FF}"
EndProject
Global
	GlobalSection(SolutionConfigurationPlatforms) = preSolution
		Debug|Any CPU = Debug|Any CPU
		Release|Any CPU = Release|Any CPU
	EndGlobalSection
	GlobalSection(ProjectConfigurationPlatforms) = postSolution
		{4E688B94-F422-44D4-902B-ACB355627580}.Debug|Any CPU.ActiveCfg = Debug|Any CPU
		{4E688B94-F422-44D4-902B-ACB355627580}.Debug|Any CPU.Build.0 = Debug|Any CPU
		{4E688B94-F422-44D4-902B-ACB355627580}.Release|Any CPU.ActiveCfg = Release|Any CPU
		{4E688B94-F422-44D4-902B-ACB355627580}.Release|Any CPU.Build.0 = Release|Any CPU
		{6A24ADBD-EA66-4EF7-9CCE-D3C7D6FE01FF}.Debug|Any CPU.ActiveCfg = Debug|Any CPU
		{6A24ADBD-EA66-4EF7-9CCE-D3C7D6FE01FF}.Debug|Any CPU.Build.0 = Debug|Any CPU
		{6A24ADBD-EA66-4EF7-9CCE-D3C7D6FE01FF}.Release|Any CPU.ActiveCfg = Release|Any CPU
		{6A24ADBD-EA66-4EF7-9CCE-D3C7D6FE01FF}.Release|Any CPU.Build.0 = Release|Any CPU
	EndGlobalSection
	GlobalSection(SolutionProperties) = preSolution
		HideSolutionNode = FALSE
	EndGlobalSection
EndGlobal
